{
  "version": "4",
  "specifiers": {
    "jsr:@supabase/functions-js@*": "2.4.4",
    "jsr:@supabase/supabase-js@2": "2.50.0",
    "npm:@supabase/auth-js@2.70.0": "2.70.0",
    "npm:@supabase/functions-js@2.4.4": "2.4.4",
    "npm:@supabase/node-fetch@2.6.15": "2.6.15",
    "npm:@supabase/postgrest-js@1.19.4": "1.19.4",
    "npm:@supabase/realtime-js@2.11.10": "2.11.10",
    "npm:@supabase/storage-js@2.7.1": "2.7.1",
    "npm:@types/node@*": "22.12.0",
    "npm:openai@^4.52.5": "4.104.0"
  },
  "jsr": {
    "@supabase/functions-js@2.4.4": {
      "integrity": "38456509a6e22fb116b118464cbb36357256f9048d3580632b63af91f63769f7",
      "dependencies": [
        "npm:openai"
      ]
    },
    "@supabase/supabase-js@2.50.0": {
      "integrity": "d583ced1777f6bda163de3aca49f9b00b62c48633c5d129492531a11b3542457",
      "dependencies": [
        "npm:@supabase/auth-js",
        "npm:@supabase/functions-js@2.4.4",
        "npm:@supabase/node-fetch",
        "npm:@supabase/postgrest-js",
        "npm:@supabase/realtime-js",
        "npm:@supabase/storage-js"
      ]
    }
  },
  "npm": {
    "@supabase/auth-js@2.70.0": {
      "integrity": "sha512-BaAK/tOAZFJtzF1sE3gJ2FwTjLf4ky3PSvcvLGEgEmO4BSBkwWKu8l67rLLIBZPDnCyV7Owk2uPyKHa0kj5QGg==",
      "dependencies": [
        "@supabase/node-fetch"
      ]
    },
    "@supabase/functions-js@2.4.4": {
      "integrity": "sha512-WL2p6r4AXNGwop7iwvul2BvOtuJ1YQy8EbOd0dhG1oN1q8el/BIRSFCFnWAMM/vJJlHWLi4ad22sKbKr9mvjoA==",
      "dependencies": [
        "@supabase/node-fetch"
      ]
    },
    "@supabase/node-fetch@2.6.15": {
      "integrity": "sha512-1ibVeYUacxWYi9i0cf5efil6adJ9WRyZBLivgjs+AUpewx1F3xPi7gLgaASI2SmIQxPoCEjAsLAzKPgMJVgOUQ==",
      "dependencies": [
        "whatwg-url"
      ]
    },
    "@supabase/postgrest-js@1.19.4": {
      "integrity": "sha512-O4soKqKtZIW3olqmbXXbKugUtByD2jPa8kL2m2c1oozAO11uCcGrRhkZL0kVxjBLrXHE0mdSkFsMj7jDSfyNpw==",
      "dependencies": [
        "@supabase/node-fetch"
      ]
    },
    "@supabase/realtime-js@2.11.10": {
      "integrity": "sha512-SJKVa7EejnuyfImrbzx+HaD9i6T784khuw1zP+MBD7BmJYChegGxYigPzkKX8CK8nGuDntmeSD3fvriaH0EGZA==",
      "dependencies": [
        "@supabase/node-fetch",
        "@types/phoenix",
        "@types/ws",
        "ws"
      ]
    },
    "@supabase/storage-js@2.7.1": {
      "integrity": "sha512-asYHcyDR1fKqrMpytAS1zjyEfvxuOIp1CIXX7ji4lHHcJKqyk+sLl/Vxgm4sN6u8zvuUtae9e4kDxQP2qrwWBA==",
      "dependencies": [
        "@supabase/node-fetch"
      ]
    },
    "@types/node-fetch@2.6.12": {
      "integrity": "sha512-8nneRWKCg3rMtF69nLQJnOYUcbafYeFSjqkw3jCRLsqkWFlHaoQrr5mXmofFGOx3DKn7UfmBMyov8ySvLRVldA==",
      "dependencies": [
        "@types/node@22.12.0",
        "form-data"
      ]
    },
    "@types/node@18.19.111": {
      "integrity": "sha512-90sGdgA+QLJr1F9X79tQuEut0gEYIfkX9pydI4XGRgvFo9g2JWswefI+WUSUHPYVBHYSEfTEqBxA5hQvAZB3Mw==",
      "dependencies": [
        "undici-types@5.26.5"
      ]
    },
    "@types/node@22.12.0": {
      "integrity": "sha512-Fll2FZ1riMjNmlmJOdAyY5pUbkftXslB5DgEzlIuNaiWhXd00FhWxVC/r4yV/4wBb9JfImTu+jiSvXTkJ7F/gA==",
      "dependencies": [
        "undici-types@6.20.0"
      ]
    },
    "@types/phoenix@1.6.6": {
      "integrity": "sha512-PIzZZlEppgrpoT2QgbnDU+MMzuR6BbCjllj0bM70lWoejMeNJAxCchxnv7J3XFkI8MpygtRpzXrIlmWUBclP5A=="
    },
    "@types/ws@8.18.1": {
      "integrity": "sha512-ThVF6DCVhA8kUGy+aazFQ4kXQ7E1Ty7A3ypFOe0IcJV8O/M511G99AW24irKrW56Wt44yG9+ij8FaqoBGkuBXg==",
      "dependencies": [
        "@types/node@22.12.0"
      ]
    },
    "abort-controller@3.0.0": {
      "integrity": "sha512-h8lQ8tacZYnR3vNQTgibj+tODHI5/+l06Au2Pcriv/Gmet0eaj4TwWH41sO9wnHDiQsEj19q0drzdWdeAHtweg==",
      "dependencies": [
        "event-target-shim"
      ]
    },
    "agentkeepalive@4.6.0": {
      "integrity": "sha512-kja8j7PjmncONqaTsB8fQ+wE2mSU2DJ9D4XKoJ5PFWIdRMa6SLSN1ff4mOr4jCbfRSsxR4keIiySJU0N9T5hIQ==",
      "dependencies": [
        "humanize-ms"
      ]
    },
    "asynckit@0.4.0": {
      "integrity": "sha512-Oei9OH4tRh0YqU3GxhX79dM/mwVgvbZJaSNaRk+bshkj0S5cfHcgYakreBjrHwatXKbz+IoIdYLxrKim2MjW0Q=="
    },
    "call-bind-apply-helpers@1.0.2": {
      "integrity": "sha512-Sp1ablJ0ivDkSzjcaJdxEunN5/XvksFJ2sMBFfq6x0ryhQV/2b/KwFe21cMpmHtPOSij8K99/wSfoEuTObmuMQ==",
      "dependencies": [
        "es-errors",
        "function-bind"
      ]
    },
    "combined-stream@1.0.8": {
      "integrity": "sha512-FQN4MRfuJeHf7cBbBMJFXhKSDq+2kAArBlmRBvcvFE5BB1HZKXtSFASDhdlz9zOYwxh8lDdnvmMOe/+5cdoEdg==",
      "dependencies": [
        "delayed-stream"
      ]
    },
    "delayed-stream@1.0.0": {
      "integrity": "sha512-ZySD7Nf91aLB0RxL4KGrKHBXl7Eds1DAmEdcoVawXnLD7SDhpNgtuII2aAkg7a7QS41jxPSZ17p4VdGnMHk3MQ=="
    },
    "dunder-proto@1.0.1": {
      "integrity": "sha512-KIN/nDJBQRcXw0MLVhZE9iQHmG68qAVIBg9CqmUYjmQIhgij9U5MFvrqkUL5FbtyyzZuOeOt0zdeRe4UY7ct+A==",
      "dependencies": [
        "call-bind-apply-helpers",
        "es-errors",
        "gopd"
      ]
    },
    "es-define-property@1.0.1": {
      "integrity": "sha512-e3nRfgfUZ4rNGL232gUgX06QNyyez04KdjFrF+LTRoOXmrOgFKDg4BCdsjW8EnT69eqdYGmRpJwiPVYNrCaW3g=="
    },
    "es-errors@1.3.0": {
      "integrity": "sha512-Zf5H2Kxt2xjTvbJvP2ZWLEICxA6j+hAmMzIlypy4xcBg1vKVnx89Wy0GbS+kf5cwCVFFzdCFh2XSCFNULS6csw=="
    },
    "es-object-atoms@1.1.1": {
      "integrity": "sha512-FGgH2h8zKNim9ljj7dankFPcICIK9Cp5bm+c2gQSYePhpaG5+esrLODihIorn+Pe6FGJzWhXQotPv73jTaldXA==",
      "dependencies": [
        "es-errors"
      ]
    },
    "es-set-tostringtag@2.1.0": {
      "integrity": "sha512-j6vWzfrGVfyXxge+O0x5sh6cvxAog0a/4Rdd2K36zCMV5eJ+/+tOAngRO8cODMNWbVRdVlmGZQL2YS3yR8bIUA==",
      "dependencies": [
        "es-errors",
        "get-intrinsic",
        "has-tostringtag",
        "hasown"
      ]
    },
    "event-target-shim@5.0.1": {
      "integrity": "sha512-i/2XbnSz/uxRCU6+NdVJgKWDTM427+MqYbkQzD321DuCQJUqOuJKIA0IM2+W2xtYHdKOmZ4dR6fExsd4SXL+WQ=="
    },
    "form-data-encoder@1.7.2": {
      "integrity": "sha512-qfqtYan3rxrnCk1VYaA4H+Ms9xdpPqvLZa6xmMgFvhO32x7/3J/ExcTd6qpxM0vH2GdMI+poehyBZvqfMTto8A=="
    },
    "form-data@4.0.3": {
      "integrity": "sha512-qsITQPfmvMOSAdeyZ+12I1c+CKSstAFAwu+97zrnWAbIr5u8wfsExUzCesVLC8NgHuRUqNN4Zy6UPWUTRGslcA==",
      "dependencies": [
        "asynckit",
        "combined-stream",
        "es-set-tostringtag",
        "hasown",
        "mime-types"
      ]
    },
    "formdata-node@4.4.1": {
      "integrity": "sha512-0iirZp3uVDjVGt9p49aTaqjk84TrglENEDuqfdlZQ1roC9CWlPk6Avf8EEnZNcAqPonwkG35x4n3ww/1THYAeQ==",
      "dependencies": [
        "node-domexception",
        "web-streams-polyfill"
      ]
    },
    "function-bind@1.1.2": {
      "integrity": "sha512-7XHNxH7qX9xG5mIwxkhumTox/MIRNcOgDrxWsMt2pAr23WHp6MrRlN7FBSFpCpr+oVO0F744iUgR82nJMfG2SA=="
    },
    "get-intrinsic@1.3.0": {
      "integrity": "sha512-9fSjSaos/fRIVIp+xSJlE6lfwhES7LNtKaCBIamHsjr2na1BiABJPo0mOjjz8GJDURarmCPGqaiVg5mfjb98CQ==",
      "dependencies": [
        "call-bind-apply-helpers",
        "es-define-property",
        "es-errors",
        "es-object-atoms",
        "function-bind",
        "get-proto",
        "gopd",
        "has-symbols",
        "hasown",
        "math-intrinsics"
      ]
    },
    "get-proto@1.0.1": {
      "integrity": "sha512-sTSfBjoXBp89JvIKIefqw7U2CCebsc74kiY6awiGogKtoSGbgjYE/G/+l9sF3MWFPNc9IcoOC4ODfKHfxFmp0g==",
      "dependencies": [
        "dunder-proto",
        "es-object-atoms"
      ]
    },
    "gopd@1.2.0": {
      "integrity": "sha512-ZUKRh6/kUFoAiTAtTYPZJ3hw9wNxx+BIBOijnlG9PnrJsCcSjs1wyyD6vJpaYtgnzDrKYRSqf3OO6Rfa93xsRg=="
    },
    "has-symbols@1.1.0": {
      "integrity": "sha512-1cDNdwJ2Jaohmb3sg4OmKaMBwuC48sYni5HUw2DvsC8LjGTLK9h+eb1X6RyuOHe4hT0ULCW68iomhjUoKUqlPQ=="
    },
    "has-tostringtag@1.0.2": {
      "integrity": "sha512-NqADB8VjPFLM2V0VvHUewwwsw0ZWBaIdgo+ieHtK3hasLz4qeCRjYcqfB6AQrBggRKppKF8L52/VqdVsO47Dlw==",
      "dependencies": [
        "has-symbols"
      ]
    },
    "hasown@2.0.2": {
      "integrity": "sha512-0hJU9SCPvmMzIBdZFqNPXWa6dqh7WdH0cII9y+CyS8rG3nL48Bclra9HmKhVVUHyPWNH5Y7xDwAB7bfgSjkUMQ==",
      "dependencies": [
        "function-bind"
      ]
    },
    "humanize-ms@1.2.1": {
      "integrity": "sha512-Fl70vYtsAFb/C06PTS9dZBo7ihau+Tu/DNCk/OyHhea07S+aeMWpFFkUaXRa8fI+ScZbEI8dfSxwY7gxZ9SAVQ==",
      "dependencies": [
        "ms"
      ]
    },
    "math-intrinsics@1.1.0": {
      "integrity": "sha512-/IXtbwEk5HTPyEwyKX6hGkYXxM9nbj64B+ilVJnC/R6B0pH5G4V3b0pVbL7DBj4tkhBAppbQUlf6F6Xl9LHu1g=="
    },
    "mime-db@1.52.0": {
      "integrity": "sha512-sPU4uV7dYlvtWJxwwxHD0PuihVNiE7TyAbQ5SWxDCB9mUYvOgroQOwYQQOKPJ8CIbE+1ETVlOoK1UC2nU3gYvg=="
    },
    "mime-types@2.1.35": {
      "integrity": "sha512-ZDY+bPm5zTTF+YpCrAU9nK0UgICYPT0QtT1NZWFv4s++TNkcgVaT0g6+4R2uI4MjQjzysHB1zxuWL50hzaeXiw==",
      "dependencies": [
        "mime-db"
      ]
    },
    "ms@2.1.3": {
      "integrity": "sha512-6FlzubTLZG3J2a/NVCAleEhjzq5oxgHyaCU9yYXvcLsvoVaHJq/s5xXI6/XXP6tz7R9xAOtHnSO/tXtF3WRTlA=="
    },
    "node-domexception@1.0.0": {
      "integrity": "sha512-/jKZoMpw0F8GRwl4/eLROPA3cfcXtLApP0QzLmUT/HuPCZWyB7IY9ZrMeKw2O/nFIqPQB3PVM9aYm0F312AXDQ=="
    },
    "node-fetch@2.7.0": {
      "integrity": "sha512-c4FRfUm/dbcWZ7U+1Wq0AwCyFL+3nt2bEw05wfxSz+DWpWsitgmSgYmy2dQdWyKC1694ELPqMs/YzUSNozLt8A==",
      "dependencies": [
        "whatwg-url"
      ]
    },
    "openai@4.104.0": {
      "integrity": "sha512-p99EFNsA/yX6UhVO93f5kJsDRLAg+CTA2RBqdHK4RtK8u5IJw32Hyb2dTGKbnnFmnuoBv5r7Z2CURI9sGZpSuA==",
      "dependencies": [
        "@types/node@18.19.111",
        "@types/node-fetch",
        "abort-controller",
        "agentkeepalive",
        "form-data-encoder",
        "formdata-node",
        "node-fetch"
      ]
    },
    "tr46@0.0.3": {
      "integrity": "sha512-N3WMsuqV66lT30CrXNbEjx4GEwlow3v6rr4mCcv6prnfwhS01rkgyFdjPNBYd9br7LpXV1+Emh01fHnq2Gdgrw=="
    },
    "undici-types@5.26.5": {
      "integrity": "sha512-JlCMO+ehdEIKqlFxk6IfVoAUVmgz7cU7zD/h9XZ0qzeosSHmUJVOzSQvvYSYWXkFXC+IfLKSIffhv0sVZup6pA=="
    },
    "undici-types@6.20.0": {
      "integrity": "sha512-Ny6QZ2Nju20vw1SRHe3d9jVu6gJ+4e3+MMpqu7pqE5HT6WsTSlce++GQmK5UXS8mzV8DSYHrQH+Xrf2jVcuKNg=="
    },
    "web-streams-polyfill@4.0.0-beta.3": {
      "integrity": "sha512-QW95TCTaHmsYfHDybGMwO5IJIM93I/6vTRk+daHTWFPhwh+C8Cg7j7XyKrwrj8Ib6vYXe0ocYNrmzY4xAAN6ug=="
    },
    "webidl-conversions@3.0.1": {
      "integrity": "sha512-2JAn3z8AR6rjK8Sm8orRC0h/bcl/DqL7tRPdGZ4I1CjdF+EaMLmYxBHyXuKL849eucPFhvBoxMsflfOb8kxaeQ=="
    },
    "whatwg-url@5.0.0": {
      "integrity": "sha512-saE57nupxk6v3HY35+jzBwYa0rKSy0XR8JSxZPwgLr7ys0IBzhGviA1/TUGJLmSVqs8pb9AnvICXEuOHLprYTw==",
      "dependencies": [
        "tr46",
        "webidl-conversions"
      ]
    },
    "ws@8.18.2": {
      "integrity": "sha512-DMricUmwGZUVr++AEAe2uiVM7UoO9MAVZMDu05UQOaUII0lp+zOzLLU4Xqh/JvTqklB1T4uELaaPBKyjE1r4fQ=="
    }
  },
  "redirects": {
    "https://deno.land/x/date_fns/index.js": "https://deno.land/x/date_fns@v2.22.1/index.js"
  },
  "remote": {
    "https://deno.land/x/date_fns@v2.22.1/_lib/addLeadingZeros/index.js": "2678175ae21bc13620cba3b46d0d82ce79569989e8a250893a0509091b8ec670",
    "https://deno.land/x/date_fns@v2.22.1/_lib/assign/index.js": "d83e06df54c34ff2db123d917fe334b02a073e69c65f257532a084bf24925623",
    "https://deno.land/x/date_fns@v2.22.1/_lib/cloneObject/index.js": "f79cf3de3962f6c801377eb8d93bdc66cf21682caccb99fa5a29dfb958de129c",
    "https://deno.land/x/date_fns@v2.22.1/_lib/format/formatters/index.js": "42d1f20da4fa4bb5f22a73198232d70c3f00e69d1cc3126bb645df64199fae85",
    "https://deno.land/x/date_fns@v2.22.1/_lib/format/lightFormatters/index.ts": "179147aad545251fd725a7457c47bc86c5d21c3cd57667281f63e72fcddf3fe1",
    "https://deno.land/x/date_fns@v2.22.1/_lib/format/longFormatters/index.js": "ae386e1701ed0a6a5e3bd4bc831e2e5902ec44099415771dae519c51abcbda58",
    "https://deno.land/x/date_fns@v2.22.1/_lib/getTimezoneOffsetInMilliseconds/index.js": "b2527365ea3b48a155aadc011d780ea98a22ae87416fcc138b23d6da6f1d4774",
    "https://deno.land/x/date_fns@v2.22.1/_lib/getUTCDayOfYear/index.js": "96f75f05dba773ee58bdf22305605547382dd716bf871538b7bc7546b28dc4a3",
    "https://deno.land/x/date_fns@v2.22.1/_lib/getUTCISOWeek/index.js": "1f61c47a6e34fbdfa4fb62c03743fde3af409488cc5944556fdae648750e5504",
    "https://deno.land/x/date_fns@v2.22.1/_lib/getUTCISOWeekYear/index.js": "68bba82725321943148faf6236d81e2e7edb531c5a47e1863050bd794721b4af",
    "https://deno.land/x/date_fns@v2.22.1/_lib/getUTCWeek/index.js": "3d9c40196a355ae3661b29b645bd87b092b35e1d3f64784ea5e88b27cb3bbb89",
    "https://deno.land/x/date_fns@v2.22.1/_lib/getUTCWeekYear/index.js": "08e9640828d41b29a3265f2ebcc9d35697e7ddac216a5cb46cb1fb6b3ed12f39",
    "https://deno.land/x/date_fns@v2.22.1/_lib/protectedTokens/index.js": "b804f2b7c20ef23de158e307915b187a0e9a2eaf28c73747f9250cb4d530f923",
    "https://deno.land/x/date_fns@v2.22.1/_lib/requiredArgs/index.ts": "4be7299a12120b86d47cf33ff59c8433be40cdc010c411444e1a118de4a2212e",
    "https://deno.land/x/date_fns@v2.22.1/_lib/setUTCDay/index.js": "e06274635fe401c0aa6051e0985f44f51e3d13713cde4949647a30fd82de1083",
    "https://deno.land/x/date_fns@v2.22.1/_lib/setUTCISODay/index.js": "ff3301194c00632fa7dd0fb921bd0f29f887daec7ffaad2e620710a4c1aafe8d",
    "https://deno.land/x/date_fns@v2.22.1/_lib/setUTCISOWeek/index.js": "2de8037ab5832bc1b100ead5f70ab1d1789931a915588f5bd6ab48074dcbbcfe",
    "https://deno.land/x/date_fns@v2.22.1/_lib/setUTCWeek/index.js": "4ae5d32d166f61d278f4f817ff7db861de6fa749b67a35749a17ba89d1d0704d",
    "https://deno.land/x/date_fns@v2.22.1/_lib/startOfUTCISOWeek/index.js": "0875648c58778e08ef612a01cc853458bb145fedec7d41be669f4d672c0d3e2d",
    "https://deno.land/x/date_fns@v2.22.1/_lib/startOfUTCISOWeekYear/index.js": "95e7f3d74de46c8c5b248a87ea15847e211e9b0522154cab7539a223f1c7f1c6",
    "https://deno.land/x/date_fns@v2.22.1/_lib/startOfUTCWeek/index.js": "18bf39b13ad73bdc970bedfd0241101929c97e53b5603b35217be5947b57305e",
    "https://deno.land/x/date_fns@v2.22.1/_lib/startOfUTCWeekYear/index.js": "6fdc239c3b534b802dab5ef0416decf8cad9d0f38a079e56aeaa1220677cb892",
    "https://deno.land/x/date_fns@v2.22.1/_lib/toInteger/index.ts": "cba0112f6f9d9c8a13e00de7cc3991363a8a45d0798aa18eef25e8bbadf2e246",
    "https://deno.land/x/date_fns@v2.22.1/add/index.ts": "9e2d74a8ba4b2e6cabe5d9a096d93baffd552b0b0b49a2d0e7b938956b65e2a7",
    "https://deno.land/x/date_fns@v2.22.1/addBusinessDays/index.ts": "0adb0990593380330fea2a0645f6d3c4f5fb44744e6dc919e87fedeea1f96ca5",
    "https://deno.land/x/date_fns@v2.22.1/addDays/index.ts": "f42e29e1c38f5f329fcb6f4c161c7886100d787e2b49461a78c05156800fae04",
    "https://deno.land/x/date_fns@v2.22.1/addHours/index.ts": "ec578c7339206ddfef9748123156ebd91a764e0ffa9fd3d04cfdc9c6f8174b64",
    "https://deno.land/x/date_fns@v2.22.1/addISOWeekYears/index.ts": "6c9b5484afe951cd3a5b04191da165000ac91681a75f7647f13111bba083382a",
    "https://deno.land/x/date_fns@v2.22.1/addMilliseconds/index.ts": "10d5a105b6b32c36349f4ea30d791adbcbdcb3d5782f60dd077e526a77c4987a",
    "https://deno.land/x/date_fns@v2.22.1/addMinutes/index.ts": "e1b609ad80c485bb7170383edb7b7a072e753516aea1cdea51e0448a1cd162a0",
    "https://deno.land/x/date_fns@v2.22.1/addMonths/index.ts": "724266647e15e9d8f734c27b685903599238d69d7664d9462d272767175662fd",
    "https://deno.land/x/date_fns@v2.22.1/addQuarters/index.ts": "a35333151033c2d265ed9fac241e1ad4cc2cd5e1abe3ce59642f35b67c781a17",
    "https://deno.land/x/date_fns@v2.22.1/addSeconds/index.ts": "f29b9dabb3aece3ef4fea11d84b0540e1d5aa9165d7ad095ba25b0441fa5f8f8",
    "https://deno.land/x/date_fns@v2.22.1/addWeeks/index.ts": "e8a49c1e6a0853ef3e5bd22b62cdd5dc9da0ef685b10dd74377285d16171ab8c",
    "https://deno.land/x/date_fns@v2.22.1/addYears/index.ts": "959af55e22bed19d42cca1dd9692c622b566a4c7e4dac3c92612f8d6f6329136",
    "https://deno.land/x/date_fns@v2.22.1/areIntervalsOverlapping/index.ts": "496be027b58d7a76011e9aae59ddc0e1ab5e8a3b04a7bba73161a0f1eba60f82",
    "https://deno.land/x/date_fns@v2.22.1/closestIndexTo/index.js": "5032f6fb19c5dc984464c003cbf48e2463e806279010736857a245f7e9ebd007",
    "https://deno.land/x/date_fns@v2.22.1/closestTo/index.js": "b06ee9851e40b36d75b1c52ec53495959ed53cb04def901ad15f30dff5c39d74",
    "https://deno.land/x/date_fns@v2.22.1/compareAsc/index.ts": "14da315c084b05e299db29a018a00a0577a433d4e6a64a097a26e6993f8bba46",
    "https://deno.land/x/date_fns@v2.22.1/compareDesc/index.ts": "7cad9a123f2697c505005e2340f75530b771ded3b6966596496a706807bc402f",
    "https://deno.land/x/date_fns@v2.22.1/constants/index.ts": "f0784e5dc43a317e5fd87c7adc45b81b4fbd1126612f623ce54761f5963a96ce",
    "https://deno.land/x/date_fns@v2.22.1/daysToWeeks/index.ts": "8d1d205b80bab84c285d73bfe813d4972a3884b96da5594ab9576333cd5bf3d1",
    "https://deno.land/x/date_fns@v2.22.1/differenceInBusinessDays/index.ts": "b53cc3953ef3b404d00f49b25f72a129ca4d6da01575a7700b966b0258f66272",
    "https://deno.land/x/date_fns@v2.22.1/differenceInCalendarDays/index.ts": "b0f8a21188bd9c29ffb344103fe715d6283e36f2a7bed69d6d456e45d94097e8",
    "https://deno.land/x/date_fns@v2.22.1/differenceInCalendarISOWeekYears/index.ts": "52243288864526e26ef1c134aeeba195b4e79143948829215990920f1c5fd1fe",
    "https://deno.land/x/date_fns@v2.22.1/differenceInCalendarISOWeeks/index.ts": "c18fe5efa6e32b2a4f32c2a25f0d02e9766b2e669c25992d1fd505970de346ed",
    "https://deno.land/x/date_fns@v2.22.1/differenceInCalendarMonths/index.ts": "f6cd54225315f9c0229424f77bc626e969fc0fdefd9bfa77c2d9456ea677382c",
    "https://deno.land/x/date_fns@v2.22.1/differenceInCalendarQuarters/index.ts": "3c663ed3f1171cf0823c11de514a75cff65e8a2c4d03f69e884b61a7b11f56da",
    "https://deno.land/x/date_fns@v2.22.1/differenceInCalendarWeeks/index.ts": "2c0e6cc24b180b470ba67cc6bcd5e5a33235c3cbc6a7e4220eb315cc6f7ba7a9",
    "https://deno.land/x/date_fns@v2.22.1/differenceInCalendarYears/index.ts": "fb569e22ab927d2fc09bc5ad9185d010f8d93a00b808a15af99147fac7fb1ae8",
    "https://deno.land/x/date_fns@v2.22.1/differenceInDays/index.ts": "1345ae3e5959a8e01a56187caabe828610599a4932285d5b9ea49df6696974dd",
    "https://deno.land/x/date_fns@v2.22.1/differenceInHours/index.ts": "44e891bcf57764e1a9d481e21c12ed1289f3cfaee97e804acdd179dcedd96c97",
    "https://deno.land/x/date_fns@v2.22.1/differenceInISOWeekYears/index.ts": "72ef325ef2ebd037ec3777cba913b8ee564e4c3cc6b815b7624cf26c807e7625",
    "https://deno.land/x/date_fns@v2.22.1/differenceInMilliseconds/index.ts": "255221bcbfb056ace1527ac3574c2cde3362f3b5cdc9911dd96b5e5542af649d",
    "https://deno.land/x/date_fns@v2.22.1/differenceInMinutes/index.js": "e482cab6b17b2b7146b523ab469076d1b54a6b786139b996c269296a8e2acd1e",
    "https://deno.land/x/date_fns@v2.22.1/differenceInMonths/index.ts": "832caebdb085febb330f3c7d7990e8522e70ec198f4c047129789b262ef4acd7",
    "https://deno.land/x/date_fns@v2.22.1/differenceInQuarters/index.ts": "01e33f1cc8deaa88ae9ae0936d070b31cdecae960bfcea8671942376acd4c9bc",
    "https://deno.land/x/date_fns@v2.22.1/differenceInSeconds/index.ts": "f7875237994771ff550c24bcfcc994ae5de8869bd28ad4f00e5f169bfe7b68ba",
    "https://deno.land/x/date_fns@v2.22.1/differenceInWeeks/index.ts": "8d11d5d2b2899864ec35f4fd5aa3a8dd53322c63d965817bcbef11854201f60e",
    "https://deno.land/x/date_fns@v2.22.1/differenceInYears/index.ts": "72b92cbb18e824bd483c38e35394c3c8b096093d1327f3af261a2c06b6a5ef4c",
    "https://deno.land/x/date_fns@v2.22.1/eachDayOfInterval/index.ts": "6c20192242eee81fb29a6eec301ae4ca74cae4baa751294d914431e2659f1ab1",
    "https://deno.land/x/date_fns@v2.22.1/eachHourOfInterval/index.ts": "16bc76ba491dedb583ef19d0ddb341e89d14a8d2391c4c5df53779aa2960f4dd",
    "https://deno.land/x/date_fns@v2.22.1/eachMinuteOfInterval/index.ts": "7f8aa12ac9ce6970fcb9938180091d9997ecae06f061e4d560b8ebe7e533d4e6",
    "https://deno.land/x/date_fns@v2.22.1/eachMonthOfInterval/index.ts": "257989844b6222020cdbc850663605830e3d1667c132e0789e126ccba8817dc4",
    "https://deno.land/x/date_fns@v2.22.1/eachQuarterOfInterval/index.ts": "242cf485dc881f2f4b41e33bb9582bcf0532a6f104aa0c48fbc63cd31d324821",
    "https://deno.land/x/date_fns@v2.22.1/eachWeekOfInterval/index.ts": "67bf346d87da36259227927c73db1349626429cc99d619ea19a0bc835d70dbe5",
    "https://deno.land/x/date_fns@v2.22.1/eachWeekendOfInterval/index.ts": "e2303fd80ff5062d39cb9be8f75756c946f2f91db2a07e89a64069a57311b121",
    "https://deno.land/x/date_fns@v2.22.1/eachWeekendOfMonth/index.ts": "a4ff3605add5563f885e9737111a7536df80b2e7c4516093d317ca519764f32b",
    "https://deno.land/x/date_fns@v2.22.1/eachWeekendOfYear/index.js": "c510bf9ba1ec24404c3bf24297e6c067f85ee5eb014bb8feb9c33d50bf69e613",
    "https://deno.land/x/date_fns@v2.22.1/eachYearOfInterval/index.js": "4bc2b65623f656ed664b3b56d58110b8918b784d320933a51ce17b5eed3c6413",
    "https://deno.land/x/date_fns@v2.22.1/endOfDay/index.ts": "d382dc8f35f2a097e70cf802302db12efeb9874bde37f0a92d654551dc2e39ac",
    "https://deno.land/x/date_fns@v2.22.1/endOfDecade/index.ts": "77d8f56c500f99807ff830899ab4a96c2e7caa65c5c837afb6f087431e87e671",
    "https://deno.land/x/date_fns@v2.22.1/endOfHour/index.ts": "dd677decc1260451746bd48466d44d617b01fe782b530954d24717976e605c4d",
    "https://deno.land/x/date_fns@v2.22.1/endOfISOWeek/index.ts": "e59b0dfe7ffdee5f06744dbf5426b5d00d5e4bd4c52659c8f77e21009cab4132",
    "https://deno.land/x/date_fns@v2.22.1/endOfISOWeekYear/index.ts": "a0b41f327c03fe18eb9792c4ba92cf790429abc74a38cd5f9f1a6862aa1a46d1",
    "https://deno.land/x/date_fns@v2.22.1/endOfMinute/index.ts": "b9b89f3093289d27b8aa717e00aca0321fa13fb516aff677133678a4b8792452",
    "https://deno.land/x/date_fns@v2.22.1/endOfMonth/index.ts": "5f55387b191397f2f2f77b322d145b9708764bf782aa268bdac9b4cbe1658cc7",
    "https://deno.land/x/date_fns@v2.22.1/endOfQuarter/index.ts": "69e5d31390f06db6b4dcb1cb74b94a2b31598df50ca9148c07646307f6afe2ee",
    "https://deno.land/x/date_fns@v2.22.1/endOfSecond/index.ts": "5e42bfaaa614eccf44c60b75e745fd91735574f684abd30b6c85e0db0aa07c4d",
    "https://deno.land/x/date_fns@v2.22.1/endOfToday/index.ts": "e9157d38386edad8e5f02b5f4992370d08075b00c8c0ea8ea851550bf2605f8a",
    "https://deno.land/x/date_fns@v2.22.1/endOfTomorrow/index.ts": "4b976d114e45098fbd6cdde90a46fd04ca8ba5aa704987689fe564fa605c17db",
    "https://deno.land/x/date_fns@v2.22.1/endOfWeek/index.ts": "511539f5ad064f08060ce9b989b201ebe33e44ef083ee0a04315924d01dd842b",
    "https://deno.land/x/date_fns@v2.22.1/endOfYear/index.ts": "9df2fc8374b9cc637bede5d0cb6220d7113c6093ada056007ae56e2e44556f57",
    "https://deno.land/x/date_fns@v2.22.1/endOfYesterday/index.ts": "1be72a7e1f6f03af8d5aae018a2fb13e9effe8d783175dd2810100ff1a9c17f5",
    "https://deno.land/x/date_fns@v2.22.1/format/index.js": "37f93629ebf2c7a93d5b6f60e79edf308a634acd63aaabb2b50b69c2026c56be",
    "https://deno.land/x/date_fns@v2.22.1/formatDistance/index.ts": "c215bb310eeec823b76a9dbbe400994f457150372e7a5de8f5ea5a73426988fc",
    "https://deno.land/x/date_fns@v2.22.1/formatDistanceStrict/index.ts": "9eac0b9b2fa7c82fe3612ccf97480c60097e70862e4d20a0508a8b4aebe4c927",
    "https://deno.land/x/date_fns@v2.22.1/formatDistanceToNow/index.js": "c4396eb62f8531ade6407ce26a7af7431103fbfab24e4461d59ae3dd254adee0",
    "https://deno.land/x/date_fns@v2.22.1/formatDistanceToNowStrict/index.js": "fae7273d67e0149887ea0360156ba8f39a1c3f1775177c84166497fb9889cf2f",
    "https://deno.land/x/date_fns@v2.22.1/formatDuration/index.js": "97936cfde2645e96bd2bc4c83d808641dc6ece2d7de6a169c54fe2693a030b0f",
    "https://deno.land/x/date_fns@v2.22.1/formatISO/index.js": "a4f3cb3231a2ca598901cbbd87a509b31ab3cc2cfa2b867f4070d33c9916f352",
    "https://deno.land/x/date_fns@v2.22.1/formatISO9075/index.js": "4cba95bca41d8dca62e670b905ee2428101b1fd1d152304fdde81b19902703a0",
    "https://deno.land/x/date_fns@v2.22.1/formatISODuration/index.js": "303a02cb4399851b87dd938f45c31c5d96cc23f3469d460c4e8246cf7d387d09",
    "https://deno.land/x/date_fns@v2.22.1/formatRFC3339/index.js": "743c581d18427a014feca9e443dcd6bd595d6cdac36480cbc1863b9da961732a",
    "https://deno.land/x/date_fns@v2.22.1/formatRFC7231/index.js": "b3279af22ffd28df346010975a4ebc4326e2c2066aca4969693afa70d1bb739c",
    "https://deno.land/x/date_fns@v2.22.1/formatRelative/index.ts": "12929efae1fd98958c1f6d43d0637a92d79758bd9e5934433155dcb96b9515c4",
    "https://deno.land/x/date_fns@v2.22.1/fromUnixTime/index.js": "72ea133dd4105ae7aaba06721e5e0df6119c2c3621774741ea3f222ab760565b",
    "https://deno.land/x/date_fns@v2.22.1/getDate/index.ts": "206ef84629e97e029970572fb8b722a2f001f0776f5c2111417519e64ef88ce7",
    "https://deno.land/x/date_fns@v2.22.1/getDay/index.ts": "b50c4f0948a188a52e8b8820a6c504e3de1f7f7fd679e1aa81154b16aec7acd1",
    "https://deno.land/x/date_fns@v2.22.1/getDayOfYear/index.ts": "f7fce2a03bd2821abcd6c81765739cac1699782bd92f4c9392522b3000ff84ac",
    "https://deno.land/x/date_fns@v2.22.1/getDaysInMonth/index.ts": "e965f6d1d85c15a6226958a39e42c7396cabec8442a356a3d38a67cfe435fdb4",
    "https://deno.land/x/date_fns@v2.22.1/getDaysInYear/index.ts": "42498f0cc1991b2485aafac52c2a183970d441f36c5fa43576507627bf10aa65",
    "https://deno.land/x/date_fns@v2.22.1/getDecade/index.ts": "175f64c9eea7a210254378b10a4a23b31c000d59ea4ff42a14038cf35dfa7e70",
    "https://deno.land/x/date_fns@v2.22.1/getHours/index.ts": "e816808b1979dd94fa27cab22be4de66529b7df64ba5decfacadf64e7dde471a",
    "https://deno.land/x/date_fns@v2.22.1/getISODay/index.ts": "4011c3dad6a767d0af6faaa136e041ca035a211164d0d59f9aa07c27df698199",
    "https://deno.land/x/date_fns@v2.22.1/getISOWeek/index.ts": "5a0bdcc00139371b35a236f614b343f47ef3498a64ffe32f96e9f5ae4bae8c87",
    "https://deno.land/x/date_fns@v2.22.1/getISOWeekYear/index.ts": "08440c37597af247f5e54283a6c5e31ca937c8bbe56c3ac33f6bcc2947bbf301",
    "https://deno.land/x/date_fns@v2.22.1/getISOWeeksInYear/index.ts": "06873068985e45129bb359b2161e749d7d53e4224f4c87ed4d748d14554c4017",
    "https://deno.land/x/date_fns@v2.22.1/getMilliseconds/index.ts": "5b4d3f98fe9f1e7a9ac16fdfeceb4020d5c1ee359b9c6a5be744e38e48383f78",
    "https://deno.land/x/date_fns@v2.22.1/getMinutes/index.ts": "a435d07f9927e92c27aae1ce34b7b86e1e8c10c6825ae9784f59b9fb455c1094",
    "https://deno.land/x/date_fns@v2.22.1/getMonth/index.ts": "e2f50ce950e9d5dedb8272babc2391d17483dfcb0094e78f8e0ef803ea4ab3d6",
    "https://deno.land/x/date_fns@v2.22.1/getOverlappingDaysInIntervals/index.ts": "a101f0392d88a3e486fc2339dc25833beef764c84bd3c12c1499820d5f72e710",
    "https://deno.land/x/date_fns@v2.22.1/getQuarter/index.ts": "e67bf959febd85f5c59f45ddffcd89ddb7248cc15cd53fce7e1b87c136d37822",
    "https://deno.land/x/date_fns@v2.22.1/getSeconds/index.ts": "f4e1da86a8adbca8c925787f605e8b92a0203fda32d723f3a81b5c782497cfe5",
    "https://deno.land/x/date_fns@v2.22.1/getTime/index.ts": "d42661ab0afd70bee19eac8f3892e6d93ffb9dc49600755ad21c93e01af22a15",
    "https://deno.land/x/date_fns@v2.22.1/getUnixTime/index.ts": "198d7059b6cfc6d585a89e9aba658afcc2e6fbee0a4d816b2f5a592a169ac42e",
    "https://deno.land/x/date_fns@v2.22.1/getWeek/index.ts": "5bebcef30be9651b686aff695da3ce85bed1c64663e5132c2ffa782881bb477f",
    "https://deno.land/x/date_fns@v2.22.1/getWeekOfMonth/index.js": "26fa1ac63d9576aa6c4b7442b76c4cfad59b722a9f6a690648c451e28fa106ac",
    "https://deno.land/x/date_fns@v2.22.1/getWeekYear/index.ts": "e6c798cb7dc8fe2fd6572032c0e1e20ef5031a3f8aa4349fcc26c3133d6b7643",
    "https://deno.land/x/date_fns@v2.22.1/getWeeksInMonth/index.ts": "9156cd4171dde65c1e3792507f9a67153a879623eb5c0574b3e27b74282f7098",
    "https://deno.land/x/date_fns@v2.22.1/getYear/index.ts": "c482e68a630cd5b32baac82f47b38a1682f58ac75b01aa286f67b25318b59508",
    "https://deno.land/x/date_fns@v2.22.1/hoursToMilliseconds/index.ts": "38c01eb21d0ca28af0cca05f9c1e7cfab7c5be9e675924446e452834404b3b5c",
    "https://deno.land/x/date_fns@v2.22.1/hoursToMinutes/index.ts": "798bc85e31756da54e38b3e3af9f4be5dd88fe50a6f2f836308ce6b4eb2b60c5",
    "https://deno.land/x/date_fns@v2.22.1/hoursToSeconds/index.ts": "3fdc2710c4d69dbee55934dde364798d02647c173145f3df08ea4c2e7856c9a9",
    "https://deno.land/x/date_fns@v2.22.1/index.js": "2b1d35f12248fcf123df9c5f799a5cf2d3ccf623e8a4931c659d7b3fc8fea633",
    "https://deno.land/x/date_fns@v2.22.1/intervalToDuration/index.ts": "32a76a6d68695acd876456b0b20e197b47560242951753ab720156f731b8eea3",
    "https://deno.land/x/date_fns@v2.22.1/intlFormat/index.ts": "394148483e89420474619e2e5b76ca1a69d862ad5d0d006a2692de204f70ec39",
    "https://deno.land/x/date_fns@v2.22.1/isAfter/index.ts": "92cc31545b412f2e7fd2c9b47b3356e24b22fd71e47d0ad65dacb2ee73daa1b1",
    "https://deno.land/x/date_fns@v2.22.1/isBefore/index.ts": "6d603da51714d9abdc6dfee3599759f4d35cae37fcd762b510545eaf35f7bd13",
    "https://deno.land/x/date_fns@v2.22.1/isDate/index.ts": "0fe18e4325b1c1992abce270ccd893d37161babd7656f6a1b01d34142972ff5f",
    "https://deno.land/x/date_fns@v2.22.1/isEqual/index.ts": "1f9a70d63cbc264717bea818da2c6e727fa92b765d05642c087a7f40f00f2e07",
    "https://deno.land/x/date_fns@v2.22.1/isExists/index.ts": "5c5af9ce96f5325bd627ab6d3f76bad3e649062251219688953e7dca24fae32b",
    "https://deno.land/x/date_fns@v2.22.1/isFirstDayOfMonth/index.ts": "01104b01269581d43dea163b0c333a81dbd40aba4044ec1b1ec74f95507140a3",
    "https://deno.land/x/date_fns@v2.22.1/isFriday/index.ts": "becd9fdfaef0c07c7fdc782606bab3cedea607edafebab704d59b59b9ad21c66",
    "https://deno.land/x/date_fns@v2.22.1/isFuture/index.ts": "f68804a759a999a24981e90d6ee0d88973ef4dbf9a494eff0b5b754ec12ff640",
    "https://deno.land/x/date_fns@v2.22.1/isLastDayOfMonth/index.ts": "a6a840e33202cd07d694d115b0496fe2bd74006ca91922e8b131bf7eb6b0abe8",
    "https://deno.land/x/date_fns@v2.22.1/isLeapYear/index.ts": "2df1f6b8db2d1f5e464a598463a8164008dd01ebfd7c09c14ce9140f09ffac25",
    "https://deno.land/x/date_fns@v2.22.1/isMatch/index.js": "05cfc15ee2fb7fb70540eea893c57d234107c0478b66a0fa8409966168a64f4a",
    "https://deno.land/x/date_fns@v2.22.1/isMonday/index.ts": "7a2897608bbb509fa4357f97cc29305b98d584bb79ce6756bf7f9009862a9c39",
    "https://deno.land/x/date_fns@v2.22.1/isPast/index.ts": "5f207182d2123a9da0f27a21d2f1305464d95bb3ef7ab6c8f152569fbbd965c6",
    "https://deno.land/x/date_fns@v2.22.1/isSameDay/index.ts": "575dc583839a298c4df956abf91a110d103958850d35e741f3772f84b2e625e3",
    "https://deno.land/x/date_fns@v2.22.1/isSameHour/index.ts": "5821f55cf0b67286c3839125324e5968a42e4119c9392e7b3d1ff3d5dcf5e90d",
    "https://deno.land/x/date_fns@v2.22.1/isSameISOWeek/index.ts": "ef67ad7b68a58e3f762db639f8f9b0549a0e00eb46d6cf7a65caab31a4426e86",
    "https://deno.land/x/date_fns@v2.22.1/isSameISOWeekYear/index.ts": "232c3ae6bed4532e1bb19e779c817de872f76b1986214a27808925b1f90e48ee",
    "https://deno.land/x/date_fns@v2.22.1/isSameMinute/index.ts": "894debb0ab7029f1bfe6f6fae6559708259f74e028603081209ce980c2702daa",
    "https://deno.land/x/date_fns@v2.22.1/isSameMonth/index.ts": "cf239b19c62d1f540cf922b9abe2219649b2bce55b90b27869f28f8d980ba230",
    "https://deno.land/x/date_fns@v2.22.1/isSameQuarter/index.ts": "9edd472448f58d37ad9696c6867ceb0a5ec982136b22e6cea1e491d6201292b1",
    "https://deno.land/x/date_fns@v2.22.1/isSameSecond/index.ts": "61ac9bc802fbe62f95f74568c7f62037ccf10f912d1b95883c112b57b0748488",
    "https://deno.land/x/date_fns@v2.22.1/isSameWeek/index.ts": "6748c6271f57e5fde9df5c3ea64946a77c57e8355ff578081eee6626bbe3effb",
    "https://deno.land/x/date_fns@v2.22.1/isSameYear/index.ts": "29953a90c6c21eec46a5f5cb727e3836b49a03a603e7269570ff018e217481cd",
    "https://deno.land/x/date_fns@v2.22.1/isSaturday/index.ts": "3c5f6e379ed9f11922dbed7e292f1b1ec3acaa80fe787b6879e1d972d704bcdf",
    "https://deno.land/x/date_fns@v2.22.1/isSunday/index.ts": "bd1c8ae6edb3f7532944fc448282e6cc9fa20229d35277a5f22d35b8eb9b3701",
    "https://deno.land/x/date_fns@v2.22.1/isThisHour/index.ts": "284bd0e69fe1599e95f97d3509b77583ddef5bde88bba0b05c8a125848ec48a1",
    "https://deno.land/x/date_fns@v2.22.1/isThisISOWeek/index.ts": "3bc1a123b85be6847f4e3f23d6dfd6e4382438d332845eaba4d675a6c3a28f54",
    "https://deno.land/x/date_fns@v2.22.1/isThisMinute/index.ts": "8c692e500b09eb70f19b1ac24a0c165a85dcdf28580ca87adf1830d47243eb25",
    "https://deno.land/x/date_fns@v2.22.1/isThisMonth/index.ts": "5a0703ebe028e0014965ae72d54ee4703f8777b42b35b403b3886e97ff157262",
    "https://deno.land/x/date_fns@v2.22.1/isThisQuarter/index.ts": "9a12acf9614fa984a2efbc657255a6ba651f008239e100426defa53b6e2fe34b",
    "https://deno.land/x/date_fns@v2.22.1/isThisSecond/index.ts": "6a64dda950ca95257dd9ad9e5eb94d56b262aaa36d47dcae8656e9bbe9258c1b",
    "https://deno.land/x/date_fns@v2.22.1/isThisWeek/index.ts": "f71ae0ea0b15adef702721400fed7467afc1b6f58a4d0603107ea948a5a3a1ce",
    "https://deno.land/x/date_fns@v2.22.1/isThisYear/index.ts": "de822f06869435aa9915f8114d3b721460acb3dd3faa95d1419d04bcc512655e",
    "https://deno.land/x/date_fns@v2.22.1/isThursday/index.ts": "71e164c9f79acfd833272373218debec6b864902a79e74c15d676c6a81382e5c",
    "https://deno.land/x/date_fns@v2.22.1/isToday/index.ts": "355a552795d90d54420d4235febdb9787e179dd71bdcb0fe4c80fd670937a00a",
    "https://deno.land/x/date_fns@v2.22.1/isTomorrow/index.ts": "835944730d00963d73f99384a238dbb38b0470129a2e55dca8552133dc79f115",
    "https://deno.land/x/date_fns@v2.22.1/isTuesday/index.ts": "38bd0e0d8141a0cfc5c3ef4bec483b65de34d4ed8af44e65c96b1cb754acdb8d",
    "https://deno.land/x/date_fns@v2.22.1/isValid/index.js": "8d4f51ca9507d906a532ba6c8bb8624a7b600ff4fdcf7b33b74185c997417b93",
    "https://deno.land/x/date_fns@v2.22.1/isWednesday/index.ts": "e4f054f4e907f1105f0c58b726b3a754b16b6f6d8136cf740ae7015416ece035",
    "https://deno.land/x/date_fns@v2.22.1/isWeekend/index.ts": "78549db3b3cfc45f383ab5e3548b2ff00f0f18514440b7de53e0fb3ba7f95e63",
    "https://deno.land/x/date_fns@v2.22.1/isWithinInterval/index.ts": "280e0e93b9a30639496458b11039bb9b9f731a3117153f6af2a81beec7f49fc9",
    "https://deno.land/x/date_fns@v2.22.1/isYesterday/index.ts": "28a719a7588023140cea3df423bd76eb204c0364b7e4fb834de08728b7254701",
    "https://deno.land/x/date_fns@v2.22.1/lastDayOfDecade/index.ts": "3e890334c9fc6c087ab152491b689da55f4f610de4e7247157969fdb2a9143aa",
    "https://deno.land/x/date_fns@v2.22.1/lastDayOfISOWeek/index.ts": "6124aa79067458131f910b59e3f5636e3563ff11c9ae5571fb3f51fad424c962",
    "https://deno.land/x/date_fns@v2.22.1/lastDayOfISOWeekYear/index.ts": "0116294aae7be412dcc49bcb2d3f6a64f3bd42a6a76ec9a200632214ebf73f58",
    "https://deno.land/x/date_fns@v2.22.1/lastDayOfMonth/index.ts": "33506bac410caa1971dcbbed289d18da0d6a9f9930f77331e195695f6f045d7b",
    "https://deno.land/x/date_fns@v2.22.1/lastDayOfQuarter/index.ts": "1cd0cb1664c521ba7c8894538c034191de461f917feda8933d9208aa7e8ea735",
    "https://deno.land/x/date_fns@v2.22.1/lastDayOfWeek/index.ts": "3579205357b95608ba17363bb1bccd22b09c9e16a443846966f97a1a8c3bc939",
    "https://deno.land/x/date_fns@v2.22.1/lastDayOfYear/index.ts": "05d24a396f7f56761c914f64f435649420724ada2f9c3a552d39fed8e881570d",
    "https://deno.land/x/date_fns@v2.22.1/lightFormat/index.ts": "1b5df40a10be14e4ba2fbaa7c8c1a99cb11fee7c2fee88613461de3ee269e9f8",
    "https://deno.land/x/date_fns@v2.22.1/locale/_lib/buildFormatLongFn/index.js": "2ea8f11006f8f48ac65ded35a5dd8ac837f2aad1d73f482730a9bf0491c6e4f1",
    "https://deno.land/x/date_fns@v2.22.1/locale/_lib/buildLocalizeFn/index.js": "0a7e6ce85d2c3046007a2fb08cb9fb45e9300da522d9cad66cc8ad4fb75d1205",
    "https://deno.land/x/date_fns@v2.22.1/locale/_lib/buildMatchFn/index.js": "bc722f6415ecceadac57d4e80125e7b4f496166b8fee1351a1abad9e895bddcc",
    "https://deno.land/x/date_fns@v2.22.1/locale/_lib/buildMatchPatternFn/index.js": "1291177be2caba2db8692a054e47dc17e0cd43250b2a1da57c30d3d4d72c4cc8",
    "https://deno.land/x/date_fns@v2.22.1/locale/en-US/_lib/formatDistance/index.js": "09d3fbdd422d8019ab813e299ae5d14ac258ef897498267556e13dbad41ea561",
    "https://deno.land/x/date_fns@v2.22.1/locale/en-US/_lib/formatLong/index.js": "52fb74d1bc611b8f3ccd87988fc024cf3e9159faf7628603da71cb7bc756bc13",
    "https://deno.land/x/date_fns@v2.22.1/locale/en-US/_lib/formatRelative/index.js": "31d02ce6bbf4d7ebd2abb2fcbb8a6204759a1f142353e8500317371730b1db0b",
    "https://deno.land/x/date_fns@v2.22.1/locale/en-US/_lib/localize/index.js": "623f4a38b01dcdca56d1dfce7aa886b67560902f8b4fcb0e5d57f896fe438b0b",
    "https://deno.land/x/date_fns@v2.22.1/locale/en-US/_lib/match/index.js": "2c34feeac250cdf789df040d4946cd083e5d76220272c8eb604b91b964639830",
    "https://deno.land/x/date_fns@v2.22.1/locale/en-US/index.js": "0f8be92f548a2141d7d75d7d538576ef1b0fc528d31f5916bf2105b57bb8b554",
    "https://deno.land/x/date_fns@v2.22.1/locale/types.ts": "dec3c588a093f42db87c9422f45a1c11a84550e7b71a807178bb8f8e9c2d4d8d",
    "https://deno.land/x/date_fns@v2.22.1/max/index.ts": "d4d9cbda3cc04eed95437c2f984988a8dd7ad07fef73e8bb0469cba2a8f4ec95",
    "https://deno.land/x/date_fns@v2.22.1/milliseconds/index.ts": "8a3b4084fea0c7f35c2bd647a229522397b2e7708ece713235062b1781b14e85",
    "https://deno.land/x/date_fns@v2.22.1/millisecondsToHours/index.ts": "2ff2f2a0ffc06f9cd9eda5aa9e601ea94c4539a4c3d2e200f2366ada161527d7",
    "https://deno.land/x/date_fns@v2.22.1/millisecondsToMinutes/index.ts": "512d7d7ab29f6546bbb90b6a0ad0f137cf8499c3756a764ba28caa72d6374043",
    "https://deno.land/x/date_fns@v2.22.1/millisecondsToSeconds/index.ts": "154ea94f2a7176471dae03eb6b7421a190c2f3814637f0dfd3009162117eef06",
    "https://deno.land/x/date_fns@v2.22.1/min/index.ts": "13101fbd02950752aa3d7c046ae6519a3ed8c63191c05e2617071c81e8979488",
    "https://deno.land/x/date_fns@v2.22.1/minutesToHours/index.ts": "73d9500ed4c4c115573ed2451fabaf5e4709f2c91bf94c45cf25ec8098bf08de",
    "https://deno.land/x/date_fns@v2.22.1/minutesToMilliseconds/index.ts": "e6bf7175ab076d51497d4436c469441a4b9f5e31e57770d1a8649be6b56067bf",
    "https://deno.land/x/date_fns@v2.22.1/minutesToSeconds/index.ts": "3983c406efff1fa385e94215e45219f8386fd83944fbda8623020f36078fbc15",
    "https://deno.land/x/date_fns@v2.22.1/monthsToQuarters/index.ts": "ec6e9cc0cb6f3be2a9d2c7e68699ea8ccf6c8f85d4296f0c07f3e4b1356130c0",
    "https://deno.land/x/date_fns@v2.22.1/monthsToYears/index.ts": "4e8752f3952fbeebf8eaf1434c0be234f5d6126f75491c5dae53beaa3b41fce8",
    "https://deno.land/x/date_fns@v2.22.1/nextDay/index.ts": "10b81c2c448a8ab397bd459f068f445fd853e9b98355f843bea063429a4d2b34",
    "https://deno.land/x/date_fns@v2.22.1/nextFriday/index.ts": "9341890a1d2d4b005dbf428de1b773a3842b8d87de9a7106b0991b7d05407374",
    "https://deno.land/x/date_fns@v2.22.1/nextMonday/index.ts": "2e83d18435954ae121295dfc46cd7fa2ba71624427606b4fa2bd43a6b8113c3c",
    "https://deno.land/x/date_fns@v2.22.1/nextSaturday/index.ts": "8328136318eaace87dbdf8976ef3aa0de252b98dad1bea697ec70f6aeb8dffa9",
    "https://deno.land/x/date_fns@v2.22.1/nextSunday/index.ts": "0aa98a0ee32c7348f0d0357155a34981baef10692046d17caac96ad3a8d4c963",
    "https://deno.land/x/date_fns@v2.22.1/nextThursday/index.ts": "32123e37348a1c8965e2d0817ac713c9f7e5cce0c006e932a7c09e1725a0b3e2",
    "https://deno.land/x/date_fns@v2.22.1/nextTuesday/index.ts": "f2ac1cc3895f2f497eecd759bb9969032a120ecffb2c9c38e3f52dc6ffbcb9c2",
    "https://deno.land/x/date_fns@v2.22.1/nextWednesday/index.ts": "243b52be396c7d3156059ea7b39eae185d691f6be817b20103600769b05e4bf4",
    "https://deno.land/x/date_fns@v2.22.1/parse/_lib/parsers/index.js": "be58908135ca4187066451cf85e1fd4eb2bebf61fd01ec9b1980f3000b52c719",
    "https://deno.land/x/date_fns@v2.22.1/parse/index.js": "2370520a4979b5c38c6061f2968d9840257744d85d7d7c53e93a2289a7428540",
    "https://deno.land/x/date_fns@v2.22.1/parseISO/index.js": "e024db1aa7b8b6f73c5166e0a9ce7667d496ce2a8316029c0770efd7e850cad8",
    "https://deno.land/x/date_fns@v2.22.1/parseJSON/index.ts": "cdd975ab67645848a06a3f53d6fc66bd2625b2b288886ea1b940b3c8fdc88540",
    "https://deno.land/x/date_fns@v2.22.1/quartersToMonths/index.ts": "77f4a15c3339ae0c348400defb7b3aca7778cc64a4fb943c34185f3252eed26a",
    "https://deno.land/x/date_fns@v2.22.1/quartersToYears/index.ts": "487923c4dadedc8d2cb3d5b08b24656bd45fdd98b1b9b70da2ee6c4381799a1b",
    "https://deno.land/x/date_fns@v2.22.1/roundToNearestMinutes/index.js": "022dcde664e49cccd87f60845eef1f12bde96681c4001bd469a2bd6dae73feb8",
    "https://deno.land/x/date_fns@v2.22.1/secondsToHours/index.ts": "82eae4052d38ecd5ae16e20eb57b9d7e2f51713c091e7c20f081b038c51426f4",
    "https://deno.land/x/date_fns@v2.22.1/secondsToMilliseconds/index.ts": "06f214ff3d39fddc84314935e4b5e4e5047508953db2b78e0d446765f9ec0242",
    "https://deno.land/x/date_fns@v2.22.1/secondsToMinutes/index.ts": "9e452df391dc9c988671347892b23f81cb9f358bc58ca4220d111900448650d8",
    "https://deno.land/x/date_fns@v2.22.1/set/index.ts": "55df2ca9e66e98278e66919f49f33b20a1b89b1bd7876366cc835aabe54f0980",
    "https://deno.land/x/date_fns@v2.22.1/setDate/index.ts": "f7a524b424c5964a5926326252169b64f87058bb718a22c9920b3fccd4f65f0e",
    "https://deno.land/x/date_fns@v2.22.1/setDay/index.js": "4788fd918edeaaf2aa5f83fc0b4644d991b9d50091b72176a77e940e1a02cb41",
    "https://deno.land/x/date_fns@v2.22.1/setDayOfYear/index.ts": "6099df2ba5f702a38bfb961f6da205470e6dcb89fda61bd3207ae4b5102776c6",
    "https://deno.land/x/date_fns@v2.22.1/setHours/index.js": "36b036d3c10fffc3b3f116c6df2a0a9bf4fd3012b3c81573447ba2399c654a89",
    "https://deno.land/x/date_fns@v2.22.1/setISODay/index.ts": "4ee56d23b4dfcdf53fdca2a65ce1c990082a7cd41057d76f77d00fc59143185f",
    "https://deno.land/x/date_fns@v2.22.1/setISOWeek/index.ts": "bfd758f40ca05340115dd619fe57d86c83d31930e3cad96a6a87d657788b272a",
    "https://deno.land/x/date_fns@v2.22.1/setISOWeekYear/index.ts": "9d3453b6fb04303a1018b57309460454e58a90319c4b240afb2e4e48a7cc4a80",
    "https://deno.land/x/date_fns@v2.22.1/setMilliseconds/index.ts": "13760556409deede2b570af0463eb0f450ba0c65a666a816a8eff6985218ca8a",
    "https://deno.land/x/date_fns@v2.22.1/setMinutes/index.js": "3a2ffc8d8e148d640dfa117e8db3c6568805a79343ffe7a3cc3c705ae601e675",
    "https://deno.land/x/date_fns@v2.22.1/setMonth/index.ts": "a0f55de8f40ae3df3855d8c88240a0ee81dda8d2bdd3afadeae98d4a564d8d00",
    "https://deno.land/x/date_fns@v2.22.1/setQuarter/index.ts": "f0e0ac95d966650d60909e170d59bb67b5ed9f8ca1deb3b7e7c21d7a49b8cb7e",
    "https://deno.land/x/date_fns@v2.22.1/setSeconds/index.ts": "22b4d4ea33449093529c45dbf22099d4b6baac67dfcf91fd586796f17ebf3f84",
    "https://deno.land/x/date_fns@v2.22.1/setWeek/index.js": "b4439baac8f353146639d6162e3b31992ff432e8824a26cc69077f4fd58670c1",
    "https://deno.land/x/date_fns@v2.22.1/setWeekYear/index.js": "3a7e9044103d5d219909997856fa665068a19a471b6a4ebe3ec954c05fd3a45d",
    "https://deno.land/x/date_fns@v2.22.1/setYear/index.ts": "5afff34382762f95ff786b3e8810266228b42ba6e250c6bb5b7fdf793f3225bc",
    "https://deno.land/x/date_fns@v2.22.1/startOfDay/index.ts": "68ff3a694b0deca067f4b2c5cf0e756f777ac900c687734ee156123d473487d3",
    "https://deno.land/x/date_fns@v2.22.1/startOfDecade/index.ts": "527e3d5ce5057775f8e8f1893ee975ba993296126cf7c319e43420f1c96f4bbf",
    "https://deno.land/x/date_fns@v2.22.1/startOfHour/index.ts": "28a1b7cac027c39ac2c15c992ffebb4f33c9275533ffa5aa97885e41cb7e5196",
    "https://deno.land/x/date_fns@v2.22.1/startOfISOWeek/index.ts": "e9a5eaaba7d35ea51262e7a550e380ce0b21d8b4ea2b0c155e1f670bc37eb5df",
    "https://deno.land/x/date_fns@v2.22.1/startOfISOWeekYear/index.ts": "7cdc4a81fe081c04c0ba34a3757c4219e8634ca2a3e79f44572a545302542190",
    "https://deno.land/x/date_fns@v2.22.1/startOfMinute/index.ts": "7f42b94423402891fac1c77a7abe255342fc659331ad67eec6c4f59eb0b06323",
    "https://deno.land/x/date_fns@v2.22.1/startOfMonth/index.ts": "a17df710670a7a30d524957e696255df808920e0d77746d9022f0193524b7788",
    "https://deno.land/x/date_fns@v2.22.1/startOfQuarter/index.ts": "55dd941341554207aae6f86c1e92a0a53898bde549cc64b1ce3eccd98467c7b4",
    "https://deno.land/x/date_fns@v2.22.1/startOfSecond/index.ts": "9aa017938e2abade2a8dd5b8c5640a5e0a28b3ed554573f4a78a73d73a6b522a",
    "https://deno.land/x/date_fns@v2.22.1/startOfToday/index.ts": "b8aef8e4b4666a75af7567aeca2b093980fe492c656ad28803ffc1571fa7bf26",
    "https://deno.land/x/date_fns@v2.22.1/startOfTomorrow/index.ts": "d39f629d8b41491f783f5f91677fc0b12180f8fb25321f79260c6a9404e98ed9",
    "https://deno.land/x/date_fns@v2.22.1/startOfWeek/index.ts": "0d84c6a8b8ab169749b03736d1b70524c837e88e9a018a1553e6b0a8030f5b3f",
    "https://deno.land/x/date_fns@v2.22.1/startOfWeekYear/index.js": "4a41e7b46e3c9d03fc05e52afec99ac1820f3770e78773413fce772886225647",
    "https://deno.land/x/date_fns@v2.22.1/startOfYear/index.ts": "14449260312c5f225dc9d473862a77262ca85f70287cef32c0ad89d06a91efb8",
    "https://deno.land/x/date_fns@v2.22.1/startOfYesterday/index.ts": "991a24dec1923a4354e264c0e292e55336067640eccdcf510d6221db3d4a8b60",
    "https://deno.land/x/date_fns@v2.22.1/sub/index.js": "f8bcde754d3617483f5e33a65b48efe77a3674527ae4b5c0975977dc802e0d2d",
    "https://deno.land/x/date_fns@v2.22.1/subBusinessDays/index.js": "c71bdbcac70653b05d37b37baaf81c0382342081ad62d509d1f547cde8d023ef",
    "https://deno.land/x/date_fns@v2.22.1/subDays/index.ts": "849eca2fa9573a1df7d2ae14f3f6e1d9346106a155434562add05c9791d9effd",
    "https://deno.land/x/date_fns@v2.22.1/subHours/index.ts": "3fd1d6c7f124e5523aed4d782bcc1db8eb0063dbd27509b65e3fa9dfb83ce5f1",
    "https://deno.land/x/date_fns@v2.22.1/subISOWeekYears/index.ts": "a015dd344ffe6d70c7937251f390da92ec434774699a6b204ba5d73894879902",
    "https://deno.land/x/date_fns@v2.22.1/subMilliseconds/index.ts": "9320b22b3ee1630654bd3376f738e5413ec9ec4d4b22cf6e4b751c92ef30f828",
    "https://deno.land/x/date_fns@v2.22.1/subMinutes/index.ts": "55c495d63a3f14351cad1cb67b0a2dab7238ef75381a94b42af5f2d8f65c09b5",
    "https://deno.land/x/date_fns@v2.22.1/subMonths/index.ts": "3b045c98edc64d3850b22735f82e5c1b881bd110178ce3044a867abc1f26ddcc",
    "https://deno.land/x/date_fns@v2.22.1/subQuarters/index.ts": "246e8e59a52bbfa1199b2dc436ccc4c29691d213e20b096d71ca80f9aa192502",
    "https://deno.land/x/date_fns@v2.22.1/subSeconds/index.ts": "cd211ce3e2f4526646c0159a50afd22ef90b54f7dfe38ad91732c428179617fe",
    "https://deno.land/x/date_fns@v2.22.1/subWeeks/index.ts": "9e481c65a87810b99cb6d464e04172e7f23023a134b6dfe635435555eba87696",
    "https://deno.land/x/date_fns@v2.22.1/subYears/index.ts": "2a5d09e9941f116212dee8886d814745be01f4f1eebee9562dda2aa593aada26",
    "https://deno.land/x/date_fns@v2.22.1/toDate/index.ts": "212facd1ac2edfca2a84430dad7d96c2b65509643b9d2cd40b4f1c92a6e58aef",
    "https://deno.land/x/date_fns@v2.22.1/types.ts": "3e7a8af362f5dfce71316cd347511f1b0b23bedc86654338565e132f6eb7c772",
    "https://deno.land/x/date_fns@v2.22.1/weeksToDays/index.ts": "fbfbdd4632fada3cde4419c5d127b3fc7cc365951473115a2d315188d99bfe08",
    "https://deno.land/x/date_fns@v2.22.1/yearsToMonths/index.ts": "033874d04ee06532ac52d6318d7074a57f3a3ff28281f8d76e2e0a18ffdfb001",
    "https://deno.land/x/date_fns@v2.22.1/yearsToQuarters/index.ts": "a276b7f1265373c91dec5cebaf101e41b937e2f4e553de064cc883547ed943eb"
  }
}
